
Microsoft Visual Studio Solution File, Format Version 12.00
# Visual Studio Version 16
VisualStudioVersion = 16.0.30621.155
MinimumVisualStudioVersion = 10.0.40219.1
Project("{9A19103F-16F7-4668-BE54-9A1E7A4F7556}") = "Client", "Client\Client.csproj", "{79A21B67-FE80-43EA-981F-791EDE936648}"
EndProject
Project("{FAE04EC0-301F-11D3-BF4B-00C04F79EFBC}") = "Server", "Server\Server.csproj", "{FABF8B67-765D-4AC4-B24F-77ED15F3B91B}"
EndProject
Global
	GlobalSection(SolutionConfigurationPlatforms) = preSolution
		Debug|Any CPU = Debug|Any CPU
		Release|Any CPU = Release|Any CPU
	EndGlobalSection
	GlobalSection(ProjectConfigurationPlatforms) = postSolution
		{79A21B67-FE80-43EA-981F-791EDE936648}.Debug|Any CPU.ActiveCfg = Debug|Any CPU
		{79A21B67-FE80-43EA-981F-791EDE936648}.Debug|Any CPU.Build.0 = Debug|Any CPU
		{79A21B67-FE80-43EA-981F-791EDE936648}.Release|Any CPU.ActiveCfg = Release|Any CPU
		{79A21B67-FE80-43EA-981F-791EDE936648}.Release|Any CPU.Build.0 = Release|Any CPU
		{FABF8B67-765D-4AC4-B24F-77ED15F3B91B}.Debug|Any CPU.ActiveCfg = Debug|Any CPU
		{FABF8B67-765D-4AC4-B24F-77ED15F3B91B}.Debug|Any CPU.Build.0 = Debug|Any CPU
		{FABF8B67-765D-4AC4-B24F-77ED15F3B91B}.Release|Any CPU.ActiveCfg = Release|Any CPU
		{FABF8B67-765D-4AC4-B24F-77ED15F3B91B}.Release|Any CPU.Build.0 = Release|Any CPU
	EndGlobalSection
	GlobalSection(SolutionProperties) = preSolution
		HideSolutionNode = FALSE
	EndGlobalSection
	GlobalSection(ExtensibilityGlobals) = postSolution
		SolutionGuid = {DAB9FC27-44EA-4F4D-B4DB-858571A9A905}
	EndGlobalSection
EndGlobal
